
Microsoft Visual Studio Solution File, Format Version 12.00
# Visual Studio Version 17
VisualStudioVersion = 17.13.35931.197 d17.13
MinimumVisualStudioVersion = 10.0.40219.1
Project("{FAE04EC0-301F-11D3-BF4B-00C04F79EFBC}") = "CryptoCoinToTrendTracker", "CryptoCoinToTrendTracker.csproj", "{4BE454AF-D89D-4942-940A-9F67D3788353}"
EndProject
Global
	GlobalSection(SolutionConfigurationPlatforms) = preSolution
		Debug|Any CPU = Debug|Any CPU
		Release|Any CPU = Release|Any CPU
	EndGlobalSection
	GlobalSection(ProjectConfigurationPlatforms) = postSolution
		{4BE454AF-D89D-4942-940A-9F67D3788353}.Debug|Any CPU.ActiveCfg = Debug|Any CPU
		{4BE454AF-D89D-4942-940A-9F67D3788353}.Debug|Any CPU.Build.0 = Debug|Any CPU
		{4BE454AF-D89D-4942-940A-9F67D3788353}.Release|Any CPU.ActiveCfg = Release|Any CPU
		{4BE454AF-D89D-4942-940A-9F67D3788353}.Release|Any CPU.Build.0 = Release|Any CPU
	EndGlobalSection
	GlobalSection(SolutionProperties) = preSolution
		HideSolutionNode = FALSE
	EndGlobalSection
	GlobalSection(ExtensibilityGlobals) = postSolution
		SolutionGuid = {7527DBDE-3AAD-4F7B-89EA-7B85D7C0C549}
	EndGlobalSection
EndGlobal
